
Microsoft Visual Studio Solution File, Format Version 12.00
# Visual Studio Version 17
VisualStudioVersion = 17.3.32901.215
MinimumVisualStudioVersion = 10.0.40219.1
Project("{FAE04EC0-301F-11D3-BF4B-00C04F79EFBC}") = "RestaurantAPI3", "RestaurantAPI3\RestaurantAPI3.csproj", "{55C1EB2A-AFE3-4DAE-8339-C5C4DA9F996C}"
EndProject
Global
	GlobalSection(SolutionConfigurationPlatforms) = preSolution
		Debug|Any CPU = Debug|Any CPU
		Release|Any CPU = Release|Any CPU
	EndGlobalSection
	GlobalSection(ProjectConfigurationPlatforms) = postSolution
		{55C1EB2A-AFE3-4DAE-8339-C5C4DA9F996C}.Debug|Any CPU.ActiveCfg = Debug|Any CPU
		{55C1EB2A-AFE3-4DAE-8339-C5C4DA9F996C}.Debug|Any CPU.Build.0 = Debug|Any CPU
		{55C1EB2A-AFE3-4DAE-8339-C5C4DA9F996C}.Release|Any CPU.ActiveCfg = Release|Any CPU
		{55C1EB2A-AFE3-4DAE-8339-C5C4DA9F996C}.Release|Any CPU.Build.0 = Release|Any CPU
	EndGlobalSection
	GlobalSection(SolutionProperties) = preSolution
		HideSolutionNode = FALSE
	EndGlobalSection
	GlobalSection(ExtensibilityGlobals) = postSolution
		SolutionGuid = {E22D7C7E-D27E-442D-B692-93DDA483C057}
	EndGlobalSection
EndGlobal
